
Microsoft Visual Studio Solution File, Format Version 12.00
# Visual Studio Version 16
VisualStudioVersion = 16.0.30114.105
MinimumVisualStudioVersion = 10.0.40219.1
Project("{2150E333-8FDC-42A3-9474-1A3956D46DE8}") = "src", "src", "{21320615-274B-4287-97D8-C75B9915C38C}"
EndProject
Project("{F2A71F9B-5D33-465A-A702-920D77279786}") = "Library", "src\Library\Library.fsproj", "{3D7A7DD7-3648-4EEC-BF5A-0B8860A2BA15}"
EndProject
Project("{F2A71F9B-5D33-465A-A702-920D77279786}") = "LibraryTest", "src\LibraryTest\LibraryTest.fsproj", "{11AAAAB8-370D-444A-B3C1-E5DDCE1E2D2B}"
EndProject
Global
	GlobalSection(SolutionConfigurationPlatforms) = preSolution
		Debug|Any CPU = Debug|Any CPU
		Release|Any CPU = Release|Any CPU
	EndGlobalSection
	GlobalSection(SolutionProperties) = preSolution
		HideSolutionNode = FALSE
	EndGlobalSection
	GlobalSection(ProjectConfigurationPlatforms) = postSolution
		{3D7A7DD7-3648-4EEC-BF5A-0B8860A2BA15}.Debug|Any CPU.ActiveCfg = Debug|Any CPU
		{3D7A7DD7-3648-4EEC-BF5A-0B8860A2BA15}.Debug|Any CPU.Build.0 = Debug|Any CPU
		{3D7A7DD7-3648-4EEC-BF5A-0B8860A2BA15}.Release|Any CPU.ActiveCfg = Release|Any CPU
		{3D7A7DD7-3648-4EEC-BF5A-0B8860A2BA15}.Release|Any CPU.Build.0 = Release|Any CPU
		{11AAAAB8-370D-444A-B3C1-E5DDCE1E2D2B}.Debug|Any CPU.ActiveCfg = Debug|Any CPU
		{11AAAAB8-370D-444A-B3C1-E5DDCE1E2D2B}.Debug|Any CPU.Build.0 = Debug|Any CPU
		{11AAAAB8-370D-444A-B3C1-E5DDCE1E2D2B}.Release|Any CPU.ActiveCfg = Release|Any CPU
		{11AAAAB8-370D-444A-B3C1-E5DDCE1E2D2B}.Release|Any CPU.Build.0 = Release|Any CPU
	EndGlobalSection
	GlobalSection(NestedProjects) = preSolution
		{3D7A7DD7-3648-4EEC-BF5A-0B8860A2BA15} = {21320615-274B-4287-97D8-C75B9915C38C}
		{11AAAAB8-370D-444A-B3C1-E5DDCE1E2D2B} = {21320615-274B-4287-97D8-C75B9915C38C}
	EndGlobalSection
EndGlobal
